
Microsoft Visual Studio Solution File, Format Version 12.00
# Visual Studio 15
VisualStudioVersion = 15.0.27703.2026
MinimumVisualStudioVersion = 10.0.40219.1
Project("{FAE04EC0-301F-11D3-BF4B-00C04F79EFBC}") = "UserApi", "UserApi\UserApi.csproj", "{E644C248-8516-4791-B055-3F15BC06C25B}"
EndProject
Project("{9A19103F-16F7-4668-BE54-9A1E7A4F7556}") = "Common", "Common\Common.csproj", "{7A6FA271-A79D-439B-99BC-EF911027466C}"
EndProject
Project("{9A19103F-16F7-4668-BE54-9A1E7A4F7556}") = "Infrastructure", "Infrastructure\Infrastructure.csproj", "{429022B1-EA4C-435C-B5DA-F0CC3A1ED113}"
EndProject
Project("{9A19103F-16F7-4668-BE54-9A1E7A4F7556}") = "DepartmentApi", "DepartmentApi\DepartmentApi.csproj", "{91996C6B-53F0-4FA9-8B3F-2A41FFF703A7}"
EndProject
Global
	GlobalSection(SolutionConfigurationPlatforms) = preSolution
		Debug|Any CPU = Debug|Any CPU
		Release|Any CPU = Release|Any CPU
	EndGlobalSection
	GlobalSection(ProjectConfigurationPlatforms) = postSolution
		{E644C248-8516-4791-B055-3F15BC06C25B}.Debug|Any CPU.ActiveCfg = Debug|Any CPU
		{E644C248-8516-4791-B055-3F15BC06C25B}.Debug|Any CPU.Build.0 = Debug|Any CPU
		{E644C248-8516-4791-B055-3F15BC06C25B}.Release|Any CPU.ActiveCfg = Release|Any CPU
		{E644C248-8516-4791-B055-3F15BC06C25B}.Release|Any CPU.Build.0 = Release|Any CPU
		{7A6FA271-A79D-439B-99BC-EF911027466C}.Debug|Any CPU.ActiveCfg = Debug|Any CPU
		{7A6FA271-A79D-439B-99BC-EF911027466C}.Debug|Any CPU.Build.0 = Debug|Any CPU
		{7A6FA271-A79D-439B-99BC-EF911027466C}.Release|Any CPU.ActiveCfg = Release|Any CPU
		{7A6FA271-A79D-439B-99BC-EF911027466C}.Release|Any CPU.Build.0 = Release|Any CPU
		{429022B1-EA4C-435C-B5DA-F0CC3A1ED113}.Debug|Any CPU.ActiveCfg = Debug|Any CPU
		{429022B1-EA4C-435C-B5DA-F0CC3A1ED113}.Debug|Any CPU.Build.0 = Debug|Any CPU
		{429022B1-EA4C-435C-B5DA-F0CC3A1ED113}.Release|Any CPU.ActiveCfg = Release|Any CPU
		{429022B1-EA4C-435C-B5DA-F0CC3A1ED113}.Release|Any CPU.Build.0 = Release|Any CPU
		{91996C6B-53F0-4FA9-8B3F-2A41FFF703A7}.Debug|Any CPU.ActiveCfg = Debug|Any CPU
		{91996C6B-53F0-4FA9-8B3F-2A41FFF703A7}.Debug|Any CPU.Build.0 = Debug|Any CPU
		{91996C6B-53F0-4FA9-8B3F-2A41FFF703A7}.Release|Any CPU.ActiveCfg = Release|Any CPU
		{91996C6B-53F0-4FA9-8B3F-2A41FFF703A7}.Release|Any CPU.Build.0 = Release|Any CPU
	EndGlobalSection
	GlobalSection(SolutionProperties) = preSolution
		HideSolutionNode = FALSE
	EndGlobalSection
	GlobalSection(ExtensibilityGlobals) = postSolution
		SolutionGuid = {6E1629B9-52E0-4D3F-A7F3-CDBEED2BF924}
	EndGlobalSection
EndGlobal
